
Microsoft Visual Studio Solution File, Format Version 12.00
Project("{FAE04EC0-301F-11D3-BF4B-00C04F79EFBC}") = "TH.AdventOfCode.2018.Day1", "src\TH.AdventOfCode.2018.Day1\TH.AdventOfCode.2018.Day1.csproj", "{BB14811D-2A6D-4BEB-BFC1-A9393D0A315A}"
EndProject
Project("{FAE04EC0-301F-11D3-BF4B-00C04F79EFBC}") = "TH.AdventOfCode.2018.Day1.Test", "src\TH.AdventOfCode.2018.Day1.Test\TH.AdventOfCode.2018.Day1.Test.csproj", "{54C3A92C-C98B-4302-9597-CCA5A435D148}"
EndProject
Project("{FAE04EC0-301F-11D3-BF4B-00C04F79EFBC}") = "TH.AdventOfCode.2018.Day1.Part1", "src\TH.AdventOfCode.2018.Day1.Part1\TH.AdventOfCode.2018.Day1.Part1.csproj", "{6F2EA56F-591D-4F5E-8CD3-6A0350E1CE4D}"
EndProject
Project("{FAE04EC0-301F-11D3-BF4B-00C04F79EFBC}") = "TH.AdventOfCode.2018.Day1.Part2", "src\TH.AdventOfCode.2018.Day1.Part2\TH.AdventOfCode.2018.Day1.Part2.csproj", "{5E260A5B-6B3D-41D8-B9FE-B30076AA62E8}"
EndProject
Project("{2150E333-8FDC-42A3-9474-1A3956D46DE8}") = "Day1", "Day1", "{270C3315-7409-4A37-A4DB-D0BC85ED370D}"
EndProject
Project("{2150E333-8FDC-42A3-9474-1A3956D46DE8}") = "Day2", "Day2", "{C02BF692-F3A4-4240-9D3F-F7F3AD3FBE7C}"
EndProject
Project("{FAE04EC0-301F-11D3-BF4B-00C04F79EFBC}") = "TH.AdventOfCode.2018.Day2", "src\TH.AdventOfCode.2018.Day2\TH.AdventOfCode.2018.Day2.csproj", "{E5C77033-52F9-4DF7-97F8-9E8CAD42E96D}"
EndProject
Project("{FAE04EC0-301F-11D3-BF4B-00C04F79EFBC}") = "TH.AdventOfCode.2018.Day2.Test", "src\TH.AdventOfCode.2018.Day2.Test\TH.AdventOfCode.2018.Day2.Test.csproj", "{E1393AD4-F775-495C-886C-F48EF40C204B}"
EndProject
Global
	GlobalSection(SolutionConfigurationPlatforms) = preSolution
		Debug|Any CPU = Debug|Any CPU
		Release|Any CPU = Release|Any CPU
	EndGlobalSection
	GlobalSection(ProjectConfigurationPlatforms) = postSolution
		{BB14811D-2A6D-4BEB-BFC1-A9393D0A315A}.Debug|Any CPU.ActiveCfg = Debug|Any CPU
		{BB14811D-2A6D-4BEB-BFC1-A9393D0A315A}.Debug|Any CPU.Build.0 = Debug|Any CPU
		{BB14811D-2A6D-4BEB-BFC1-A9393D0A315A}.Release|Any CPU.ActiveCfg = Release|Any CPU
		{BB14811D-2A6D-4BEB-BFC1-A9393D0A315A}.Release|Any CPU.Build.0 = Release|Any CPU
		{54C3A92C-C98B-4302-9597-CCA5A435D148}.Debug|Any CPU.ActiveCfg = Debug|Any CPU
		{54C3A92C-C98B-4302-9597-CCA5A435D148}.Debug|Any CPU.Build.0 = Debug|Any CPU
		{54C3A92C-C98B-4302-9597-CCA5A435D148}.Release|Any CPU.ActiveCfg = Release|Any CPU
		{54C3A92C-C98B-4302-9597-CCA5A435D148}.Release|Any CPU.Build.0 = Release|Any CPU
		{6F2EA56F-591D-4F5E-8CD3-6A0350E1CE4D}.Debug|Any CPU.ActiveCfg = Debug|Any CPU
		{6F2EA56F-591D-4F5E-8CD3-6A0350E1CE4D}.Debug|Any CPU.Build.0 = Debug|Any CPU
		{6F2EA56F-591D-4F5E-8CD3-6A0350E1CE4D}.Release|Any CPU.ActiveCfg = Release|Any CPU
		{6F2EA56F-591D-4F5E-8CD3-6A0350E1CE4D}.Release|Any CPU.Build.0 = Release|Any CPU
		{5E260A5B-6B3D-41D8-B9FE-B30076AA62E8}.Debug|Any CPU.ActiveCfg = Debug|Any CPU
		{5E260A5B-6B3D-41D8-B9FE-B30076AA62E8}.Debug|Any CPU.Build.0 = Debug|Any CPU
		{5E260A5B-6B3D-41D8-B9FE-B30076AA62E8}.Release|Any CPU.ActiveCfg = Release|Any CPU
		{5E260A5B-6B3D-41D8-B9FE-B30076AA62E8}.Release|Any CPU.Build.0 = Release|Any CPU
		{E5C77033-52F9-4DF7-97F8-9E8CAD42E96D}.Debug|Any CPU.ActiveCfg = Debug|Any CPU
		{E5C77033-52F9-4DF7-97F8-9E8CAD42E96D}.Debug|Any CPU.Build.0 = Debug|Any CPU
		{E5C77033-52F9-4DF7-97F8-9E8CAD42E96D}.Release|Any CPU.ActiveCfg = Release|Any CPU
		{E5C77033-52F9-4DF7-97F8-9E8CAD42E96D}.Release|Any CPU.Build.0 = Release|Any CPU
		{E1393AD4-F775-495C-886C-F48EF40C204B}.Debug|Any CPU.ActiveCfg = Debug|Any CPU
		{E1393AD4-F775-495C-886C-F48EF40C204B}.Debug|Any CPU.Build.0 = Debug|Any CPU
		{E1393AD4-F775-495C-886C-F48EF40C204B}.Release|Any CPU.ActiveCfg = Release|Any CPU
		{E1393AD4-F775-495C-886C-F48EF40C204B}.Release|Any CPU.Build.0 = Release|Any CPU
	EndGlobalSection
	GlobalSection(NestedProjects) = preSolution
		{BB14811D-2A6D-4BEB-BFC1-A9393D0A315A} = {270C3315-7409-4A37-A4DB-D0BC85ED370D}
		{6F2EA56F-591D-4F5E-8CD3-6A0350E1CE4D} = {270C3315-7409-4A37-A4DB-D0BC85ED370D}
		{5E260A5B-6B3D-41D8-B9FE-B30076AA62E8} = {270C3315-7409-4A37-A4DB-D0BC85ED370D}
		{54C3A92C-C98B-4302-9597-CCA5A435D148} = {270C3315-7409-4A37-A4DB-D0BC85ED370D}
		{E5C77033-52F9-4DF7-97F8-9E8CAD42E96D} = {C02BF692-F3A4-4240-9D3F-F7F3AD3FBE7C}
		{E1393AD4-F775-495C-886C-F48EF40C204B} = {C02BF692-F3A4-4240-9D3F-F7F3AD3FBE7C}
	EndGlobalSection
EndGlobal
