
Microsoft Visual Studio Solution File, Format Version 12.00
Project("{FAE04EC0-301F-11D3-BF4B-00C04F79EFBC}") = "TH.AdventOfCode.2018.Day1", "src\TH.AdventOfCode.2018.Day1\TH.AdventOfCode.2018.Day1.csproj", "{BB14811D-2A6D-4BEB-BFC1-A9393D0A315A}"
EndProject
Project("{FAE04EC0-301F-11D3-BF4B-00C04F79EFBC}") = "TH.AdventOfCode.2018.Day1.Test", "src\TH.AdventOfCode.2018.Day1.Test\TH.AdventOfCode.2018.Day1.Test.csproj", "{54C3A92C-C98B-4302-9597-CCA5A435D148}"
EndProject
Project("{FAE04EC0-301F-11D3-BF4B-00C04F79EFBC}") = "TH.AdventOfCode.2018.Day1.Part1", "src\TH.AdventOfCode.2018.Day1.Part1\TH.AdventOfCode.2018.Day1.Part1.csproj", "{6F2EA56F-591D-4F5E-8CD3-6A0350E1CE4D}"
EndProject
Project("{FAE04EC0-301F-11D3-BF4B-00C04F79EFBC}") = "TH.AdventOfCode.2018.Day1.Part2", "src\TH.AdventOfCode.2018.Day1.Part2\TH.AdventOfCode.2018.Day1.Part2.csproj", "{5E260A5B-6B3D-41D8-B9FE-B30076AA62E8}"
EndProject
Project("{2150E333-8FDC-42A3-9474-1A3956D46DE8}") = "Day01", "Day01", "{270C3315-7409-4A37-A4DB-D0BC85ED370D}"
EndProject
Project("{2150E333-8FDC-42A3-9474-1A3956D46DE8}") = "Day02", "Day02", "{C02BF692-F3A4-4240-9D3F-F7F3AD3FBE7C}"
EndProject
Project("{FAE04EC0-301F-11D3-BF4B-00C04F79EFBC}") = "TH.AdventOfCode.2018.Day2.Part1", "src\TH.AdventOfCode.2018.Day2.Part1\TH.AdventOfCode.2018.Day2.Part1.csproj", "{E5C77033-52F9-4DF7-97F8-9E8CAD42E96D}"
EndProject
Project("{FAE04EC0-301F-11D3-BF4B-00C04F79EFBC}") = "TH.AdventOfCode.2018.Day2.Part1.Test", "src\TH.AdventOfCode.2018.Day2.Part1.Test\TH.AdventOfCode.2018.Day2.Part1.Test.csproj", "{E1393AD4-F775-495C-886C-F48EF40C204B}"
EndProject
Project("{FAE04EC0-301F-11D3-BF4B-00C04F79EFBC}") = "TH.AdventOfCode.2018.Day2.Part2", "src\TH.AdventOfCode.2018.Day2.Part2\TH.AdventOfCode.2018.Day2.Part2.csproj", "{A1BC15A7-7AFC-4700-8ABC-4B034EF07E53}"
EndProject
Project("{FAE04EC0-301F-11D3-BF4B-00C04F79EFBC}") = "TH.AdventOfCode.2018.Day2.Part2.Test", "src\TH.AdventOfCode.2018.Day2.Part2.Test\TH.AdventOfCode.2018.Day2.Part2.Test.csproj", "{D7F065C4-65D6-4590-86A6-929D011E0A67}"
EndProject
Project("{2150E333-8FDC-42A3-9474-1A3956D46DE8}") = "Day03", "Day03", "{50020787-C41F-4194-A540-C10FF743D8F4}"
EndProject
Project("{FAE04EC0-301F-11D3-BF4B-00C04F79EFBC}") = "TH.AdventOfCode.2018.Day3.Part1", "src\TH.AdventOfCode.2018.Day3.Part1\TH.AdventOfCode.2018.Day3.Part1.csproj", "{D98AE47D-8CC6-4307-A5C6-B252F1E53303}"
EndProject
Project("{FAE04EC0-301F-11D3-BF4B-00C04F79EFBC}") = "TH.AdventOfCode.2018.Day3.Part1.Test", "src\TH.AdventOfCode.2018.Day3.Part1.Test\TH.AdventOfCode.2018.Day3.Part1.Test.csproj", "{953576EA-B0CF-40D1-8357-C3F37364CC80}"
EndProject
Project("{FAE04EC0-301F-11D3-BF4B-00C04F79EFBC}") = "TH.AdventOfCode.2018.Day3.Part2", "src\TH.AdventOfCode.2018.Day3.Part2\TH.AdventOfCode.2018.Day3.Part2.csproj", "{B3F98796-648E-4459-B59A-A0CC4FCD23C6}"
EndProject
Project("{2150E333-8FDC-42A3-9474-1A3956D46DE8}") = "Day04", "Day04", "{0EB0E593-0F4A-4A7B-9FB2-292FB0FF85E2}"
EndProject
Project("{FAE04EC0-301F-11D3-BF4B-00C04F79EFBC}") = "TH.AdventOfCode.2018.Day4.Part1", "src\TH.AdventOfCode.2018.Day4.Part1\TH.AdventOfCode.2018.Day4.Part1.csproj", "{21875DC7-98FF-4C12-BF22-3F6F5B5F6206}"
EndProject
Project("{FAE04EC0-301F-11D3-BF4B-00C04F79EFBC}") = "TH.AdventOfCode.2018.Day4.Part1.Test", "src\TH.AdventOfCode.2018.Day4.Part1.Test\TH.AdventOfCode.2018.Day4.Part1.Test.csproj", "{B74D3878-39D2-4E47-A7CD-9640CBCB41AA}"
EndProject
Project("{FAE04EC0-301F-11D3-BF4B-00C04F79EFBC}") = "TH.AdventOfCode.2018.Day4.Part2", "src\TH.AdventOfCode.2018.Day4.Part2\TH.AdventOfCode.2018.Day4.Part2.csproj", "{637383A2-0C52-4258-A5D6-B3A3C139E438}"
EndProject
Project("{2150E333-8FDC-42A3-9474-1A3956D46DE8}") = "Day05", "Day05", "{4EF1E151-C538-4B1F-8AB1-B0B316D11F2D}"
EndProject
Project("{FAE04EC0-301F-11D3-BF4B-00C04F79EFBC}") = "TH.AdventOfCode.2018.Day5.Part1", "src\TH.AdventOfCode.2018.Day5.Part1\TH.AdventOfCode.2018.Day5.Part1.csproj", "{C352FABA-CCB6-41C4-B3A6-95B78B9F6579}"
EndProject
Project("{FAE04EC0-301F-11D3-BF4B-00C04F79EFBC}") = "TH.AdventOfCode.2018.Day5.Part1.Test", "src\TH.AdventOfCode.2018.Day5.Part1.Test\TH.AdventOfCode.2018.Day5.Part1.Test.csproj", "{29BCC77E-F03D-47C1-98E2-B91B1BB55C1D}"
EndProject
Project("{FAE04EC0-301F-11D3-BF4B-00C04F79EFBC}") = "TH.AdventOfCode.2018.Day5.Part2", "src\TH.AdventOfCode.2018.Day5.Part2\TH.AdventOfCode.2018.Day5.Part2.csproj", "{5FFBAF5C-6531-460A-AE3F-D906FD3CB275}"
EndProject
Project("{2150E333-8FDC-42A3-9474-1A3956D46DE8}") = "Day06", "Day06", "{183EC64B-3268-4B5A-9FBD-4614821FE60B}"
EndProject
Project("{FAE04EC0-301F-11D3-BF4B-00C04F79EFBC}") = "TH.AdventOfCode.2018.Day6.Part1", "src\TH.AdventOfCode.2018.Day6.Part1\TH.AdventOfCode.2018.Day6.Part1.csproj", "{C78AF0B1-0A16-4C0F-89BF-C9D0760CB6C2}"
EndProject
Project("{FAE04EC0-301F-11D3-BF4B-00C04F79EFBC}") = "TH.AdventOfCode.2018.Day6.Part1.Test", "src\TH.AdventOfCode.2018.Day6.Part1.Test\TH.AdventOfCode.2018.Day6.Part1.Test.csproj", "{4726BBF1-3E55-455F-A006-6A1FBB5352A0}"
EndProject
Project("{FAE04EC0-301F-11D3-BF4B-00C04F79EFBC}") = "TH.AdventOfCode.2018.Day6.Part2", "src\TH.AdventOfCode.2018.Day6.Part2\TH.AdventOfCode.2018.Day6.Part2.csproj", "{CFC85A99-F651-4316-ABD5-7195639366F0}"
EndProject
Project("{2150E333-8FDC-42A3-9474-1A3956D46DE8}") = "Day07", "Day07", "{A0D52EB1-67A9-41FE-B735-0C86FF2B5900}"
EndProject
Project("{FAE04EC0-301F-11D3-BF4B-00C04F79EFBC}") = "TH.AdventOfCode.2018.Day7.Part1", "src\TH.AdventOfCode.2018.Day7.Part1\TH.AdventOfCode.2018.Day7.Part1.csproj", "{7F0F21FC-D647-474A-B18F-255F5B0F77CA}"
EndProject
Project("{FAE04EC0-301F-11D3-BF4B-00C04F79EFBC}") = "TH.AdventOfCode.2018.Day7.Part1.Tetst", "src\TH.AdventOfCode.2018.Day7.Part1.Tetst\TH.AdventOfCode.2018.Day7.Part1.Tetst.csproj", "{823C136B-4365-4F54-816E-E3BD13D26B4F}"
EndProject
Project("{FAE04EC0-301F-11D3-BF4B-00C04F79EFBC}") = "TH.AdventOfCode.2018.Day7.Part2", "src\TH.AdventOfCode.2018.Day7.Part2\TH.AdventOfCode.2018.Day7.Part2.csproj", "{F5598E9A-F90F-4B7F-867B-2A4463E55CD5}"
EndProject
Project("{2150E333-8FDC-42A3-9474-1A3956D46DE8}") = "Day08", "Day08", "{AE6CCD86-2936-48BE-93CC-B7808443F832}"
EndProject
Project("{FAE04EC0-301F-11D3-BF4B-00C04F79EFBC}") = "TH.AdventOfCode.2018.Day8", "src\TH.AdventOfCode.2018.Day8\TH.AdventOfCode.2018.Day8.csproj", "{4587C5D6-A8BB-435E-A7A8-488013CFA919}"
EndProject
Project("{2150E333-8FDC-42A3-9474-1A3956D46DE8}") = "Day09", "Day09", "{3AF90B10-3B4F-4606-B95E-BDF87BFD0425}"
EndProject
Project("{FAE04EC0-301F-11D3-BF4B-00C04F79EFBC}") = "TH.AdventOfCode.2018.Day9", "src\TH.AdventOfCode.2018.Day9\TH.AdventOfCode.2018.Day9.csproj", "{569770C8-50C0-4306-AF07-9DFCB06BC69F}"
EndProject
Project("{FAE04EC0-301F-11D3-BF4B-00C04F79EFBC}") = "TH.AdventOfCode.2018.Day9.Part1", "src\TH.AdventOfCode.2018.Day9.Part1\TH.AdventOfCode.2018.Day9.Part1.csproj", "{626F8CAC-C346-4C88-A128-F5D995FA9EA3}"
EndProject
Project("{FAE04EC0-301F-11D3-BF4B-00C04F79EFBC}") = "TH.AdventOfCode.2018.Day9.Part2", "src\TH.AdventOfCode.2018.Day9.Part2\TH.AdventOfCode.2018.Day9.Part2.csproj", "{B0B80C5B-0BC1-4212-BF50-66D518323EB3}"
EndProject
Project("{2150E333-8FDC-42A3-9474-1A3956D46DE8}") = "Day10", "Day10", "{B415639A-F4BD-4F07-88D9-25C258C59B99}"
EndProject
Project("{FAE04EC0-301F-11D3-BF4B-00C04F79EFBC}") = "TH.AdventOfCode.2018.Day10", "src\TH.AdventOfCode.2018.Day10\TH.AdventOfCode.2018.Day10.csproj", "{51AB9226-303B-4E2B-BF63-33484FFBAD8D}"
EndProject
Project("{FAE04EC0-301F-11D3-BF4B-00C04F79EFBC}") = "TH.AdventOfCode.2018.Day10.Part1", "src\TH.AdventOfCode.2018.Day10.Part1\TH.AdventOfCode.2018.Day10.Part1.csproj", "{B6A9DCFF-16D0-4F26-8A51-7147F3E0F822}"
EndProject
Project("{2150E333-8FDC-42A3-9474-1A3956D46DE8}") = "Day11", "Day11", "{24AD2254-F948-47E9-8BFF-85F85C39F5EB}"
EndProject
Project("{FAE04EC0-301F-11D3-BF4B-00C04F79EFBC}") = "TH.AdventOfCode.2018.Day11", "src\TH.AdventOfCode.2018.Day11\TH.AdventOfCode.2018.Day11.csproj", "{91AF45F9-D306-4217-9541-936FF42D3D83}"
EndProject
Project("{FAE04EC0-301F-11D3-BF4B-00C04F79EFBC}") = "TH.AdventOfCode.2018.Day11.Test", "src\TH.AdventOfCode.2018.Day11.Test\TH.AdventOfCode.2018.Day11.Test.csproj", "{BACDF92E-3690-4A1B-92AC-9FFFA14DA3B2}"
EndProject
Project("{FAE04EC0-301F-11D3-BF4B-00C04F79EFBC}") = "TH.AdventOfCode.2018.Day11.Part1", "src\TH.AdventOfCode.2018.Day11.Part1\TH.AdventOfCode.2018.Day11.Part1.csproj", "{ACD1371A-2199-4F3B-9656-B6214E644F67}"
EndProject
Project("{FAE04EC0-301F-11D3-BF4B-00C04F79EFBC}") = "TH.AdventOfCode.2018.Day11.Part2", "src\TH.AdventOfCode.2018.Day11.Part2\TH.AdventOfCode.2018.Day11.Part2.csproj", "{B8ABD115-72DF-4CB8-9DA4-01665A9C0C64}"
EndProject
Project("{2150E333-8FDC-42A3-9474-1A3956D46DE8}") = "Day12", "Day12", "{F0F2758B-C6AA-404E-9E61-2496BC7F78F0}"
EndProject
Project("{FAE04EC0-301F-11D3-BF4B-00C04F79EFBC}") = "TH.AdventOfCode.2018.Day12", "src\TH.AdventOfCode.2018.Day12\TH.AdventOfCode.2018.Day12.csproj", "{C9DF2AB2-10EF-4299-8061-1C7D3E98EF7B}"
EndProject
Project("{FAE04EC0-301F-11D3-BF4B-00C04F79EFBC}") = "Th.AdventOfCode.2018.Day12.Test", "src\Th.AdventOfCode.2018.Day12.Test\Th.AdventOfCode.2018.Day12.Test.csproj", "{DD281607-963E-4C13-A676-18B3242B672C}"
EndProject
Project("{FAE04EC0-301F-11D3-BF4B-00C04F79EFBC}") = "TH.AdventOfCode.2018.Day12.Part1", "src\TH.AdventOfCode.2018.Day12.Part1\TH.AdventOfCode.2018.Day12.Part1.csproj", "{506F723D-2FDA-44B9-9F98-4C8ABC63ECF7}"
EndProject
Project("{FAE04EC0-301F-11D3-BF4B-00C04F79EFBC}") = "TH.AdventOfCode.2018.Day12.Part2", "src\TH.AdventOfCode.2018.Day12.Part2\TH.AdventOfCode.2018.Day12.Part2.csproj", "{705A316F-FA95-48EA-9FAA-892954817A4F}"
EndProject
Project("{2150E333-8FDC-42A3-9474-1A3956D46DE8}") = "Day13", "Day13", "{63E91494-543F-47B2-82F5-72A8D4A64221}"
EndProject
Project("{FAE04EC0-301F-11D3-BF4B-00C04F79EFBC}") = "TH.AdventOfCode.2018.Day13", "src\TH.AdventOfCode.2018.Day13\TH.AdventOfCode.2018.Day13.csproj", "{622E7465-B5BC-41EC-BB0D-3BDB13AE37CD}"
EndProject
Global
	GlobalSection(SolutionConfigurationPlatforms) = preSolution
		Debug|Any CPU = Debug|Any CPU
		Release|Any CPU = Release|Any CPU
	EndGlobalSection
	GlobalSection(ProjectConfigurationPlatforms) = postSolution
		{BB14811D-2A6D-4BEB-BFC1-A9393D0A315A}.Debug|Any CPU.ActiveCfg = Debug|Any CPU
		{BB14811D-2A6D-4BEB-BFC1-A9393D0A315A}.Debug|Any CPU.Build.0 = Debug|Any CPU
		{BB14811D-2A6D-4BEB-BFC1-A9393D0A315A}.Release|Any CPU.ActiveCfg = Release|Any CPU
		{BB14811D-2A6D-4BEB-BFC1-A9393D0A315A}.Release|Any CPU.Build.0 = Release|Any CPU
		{54C3A92C-C98B-4302-9597-CCA5A435D148}.Debug|Any CPU.ActiveCfg = Debug|Any CPU
		{54C3A92C-C98B-4302-9597-CCA5A435D148}.Debug|Any CPU.Build.0 = Debug|Any CPU
		{54C3A92C-C98B-4302-9597-CCA5A435D148}.Release|Any CPU.ActiveCfg = Release|Any CPU
		{54C3A92C-C98B-4302-9597-CCA5A435D148}.Release|Any CPU.Build.0 = Release|Any CPU
		{6F2EA56F-591D-4F5E-8CD3-6A0350E1CE4D}.Debug|Any CPU.ActiveCfg = Debug|Any CPU
		{6F2EA56F-591D-4F5E-8CD3-6A0350E1CE4D}.Debug|Any CPU.Build.0 = Debug|Any CPU
		{6F2EA56F-591D-4F5E-8CD3-6A0350E1CE4D}.Release|Any CPU.ActiveCfg = Release|Any CPU
		{6F2EA56F-591D-4F5E-8CD3-6A0350E1CE4D}.Release|Any CPU.Build.0 = Release|Any CPU
		{5E260A5B-6B3D-41D8-B9FE-B30076AA62E8}.Debug|Any CPU.ActiveCfg = Debug|Any CPU
		{5E260A5B-6B3D-41D8-B9FE-B30076AA62E8}.Debug|Any CPU.Build.0 = Debug|Any CPU
		{5E260A5B-6B3D-41D8-B9FE-B30076AA62E8}.Release|Any CPU.ActiveCfg = Release|Any CPU
		{5E260A5B-6B3D-41D8-B9FE-B30076AA62E8}.Release|Any CPU.Build.0 = Release|Any CPU
		{E5C77033-52F9-4DF7-97F8-9E8CAD42E96D}.Debug|Any CPU.ActiveCfg = Debug|Any CPU
		{E5C77033-52F9-4DF7-97F8-9E8CAD42E96D}.Debug|Any CPU.Build.0 = Debug|Any CPU
		{E5C77033-52F9-4DF7-97F8-9E8CAD42E96D}.Release|Any CPU.ActiveCfg = Release|Any CPU
		{E5C77033-52F9-4DF7-97F8-9E8CAD42E96D}.Release|Any CPU.Build.0 = Release|Any CPU
		{E1393AD4-F775-495C-886C-F48EF40C204B}.Debug|Any CPU.ActiveCfg = Debug|Any CPU
		{E1393AD4-F775-495C-886C-F48EF40C204B}.Debug|Any CPU.Build.0 = Debug|Any CPU
		{E1393AD4-F775-495C-886C-F48EF40C204B}.Release|Any CPU.ActiveCfg = Release|Any CPU
		{E1393AD4-F775-495C-886C-F48EF40C204B}.Release|Any CPU.Build.0 = Release|Any CPU
		{A1BC15A7-7AFC-4700-8ABC-4B034EF07E53}.Debug|Any CPU.ActiveCfg = Debug|Any CPU
		{A1BC15A7-7AFC-4700-8ABC-4B034EF07E53}.Debug|Any CPU.Build.0 = Debug|Any CPU
		{A1BC15A7-7AFC-4700-8ABC-4B034EF07E53}.Release|Any CPU.ActiveCfg = Release|Any CPU
		{A1BC15A7-7AFC-4700-8ABC-4B034EF07E53}.Release|Any CPU.Build.0 = Release|Any CPU
		{D7F065C4-65D6-4590-86A6-929D011E0A67}.Debug|Any CPU.ActiveCfg = Debug|Any CPU
		{D7F065C4-65D6-4590-86A6-929D011E0A67}.Debug|Any CPU.Build.0 = Debug|Any CPU
		{D7F065C4-65D6-4590-86A6-929D011E0A67}.Release|Any CPU.ActiveCfg = Release|Any CPU
		{D7F065C4-65D6-4590-86A6-929D011E0A67}.Release|Any CPU.Build.0 = Release|Any CPU
		{D98AE47D-8CC6-4307-A5C6-B252F1E53303}.Debug|Any CPU.ActiveCfg = Debug|Any CPU
		{D98AE47D-8CC6-4307-A5C6-B252F1E53303}.Debug|Any CPU.Build.0 = Debug|Any CPU
		{D98AE47D-8CC6-4307-A5C6-B252F1E53303}.Release|Any CPU.ActiveCfg = Release|Any CPU
		{D98AE47D-8CC6-4307-A5C6-B252F1E53303}.Release|Any CPU.Build.0 = Release|Any CPU
		{953576EA-B0CF-40D1-8357-C3F37364CC80}.Debug|Any CPU.ActiveCfg = Debug|Any CPU
		{953576EA-B0CF-40D1-8357-C3F37364CC80}.Debug|Any CPU.Build.0 = Debug|Any CPU
		{953576EA-B0CF-40D1-8357-C3F37364CC80}.Release|Any CPU.ActiveCfg = Release|Any CPU
		{953576EA-B0CF-40D1-8357-C3F37364CC80}.Release|Any CPU.Build.0 = Release|Any CPU
		{B3F98796-648E-4459-B59A-A0CC4FCD23C6}.Debug|Any CPU.ActiveCfg = Debug|Any CPU
		{B3F98796-648E-4459-B59A-A0CC4FCD23C6}.Debug|Any CPU.Build.0 = Debug|Any CPU
		{B3F98796-648E-4459-B59A-A0CC4FCD23C6}.Release|Any CPU.ActiveCfg = Release|Any CPU
		{B3F98796-648E-4459-B59A-A0CC4FCD23C6}.Release|Any CPU.Build.0 = Release|Any CPU
		{21875DC7-98FF-4C12-BF22-3F6F5B5F6206}.Debug|Any CPU.ActiveCfg = Debug|Any CPU
		{21875DC7-98FF-4C12-BF22-3F6F5B5F6206}.Debug|Any CPU.Build.0 = Debug|Any CPU
		{21875DC7-98FF-4C12-BF22-3F6F5B5F6206}.Release|Any CPU.ActiveCfg = Release|Any CPU
		{21875DC7-98FF-4C12-BF22-3F6F5B5F6206}.Release|Any CPU.Build.0 = Release|Any CPU
		{B74D3878-39D2-4E47-A7CD-9640CBCB41AA}.Debug|Any CPU.ActiveCfg = Debug|Any CPU
		{B74D3878-39D2-4E47-A7CD-9640CBCB41AA}.Debug|Any CPU.Build.0 = Debug|Any CPU
		{B74D3878-39D2-4E47-A7CD-9640CBCB41AA}.Release|Any CPU.ActiveCfg = Release|Any CPU
		{B74D3878-39D2-4E47-A7CD-9640CBCB41AA}.Release|Any CPU.Build.0 = Release|Any CPU
		{637383A2-0C52-4258-A5D6-B3A3C139E438}.Debug|Any CPU.ActiveCfg = Debug|Any CPU
		{637383A2-0C52-4258-A5D6-B3A3C139E438}.Debug|Any CPU.Build.0 = Debug|Any CPU
		{637383A2-0C52-4258-A5D6-B3A3C139E438}.Release|Any CPU.ActiveCfg = Release|Any CPU
		{637383A2-0C52-4258-A5D6-B3A3C139E438}.Release|Any CPU.Build.0 = Release|Any CPU
		{C352FABA-CCB6-41C4-B3A6-95B78B9F6579}.Debug|Any CPU.ActiveCfg = Debug|Any CPU
		{C352FABA-CCB6-41C4-B3A6-95B78B9F6579}.Debug|Any CPU.Build.0 = Debug|Any CPU
		{C352FABA-CCB6-41C4-B3A6-95B78B9F6579}.Release|Any CPU.ActiveCfg = Release|Any CPU
		{C352FABA-CCB6-41C4-B3A6-95B78B9F6579}.Release|Any CPU.Build.0 = Release|Any CPU
		{29BCC77E-F03D-47C1-98E2-B91B1BB55C1D}.Debug|Any CPU.ActiveCfg = Debug|Any CPU
		{29BCC77E-F03D-47C1-98E2-B91B1BB55C1D}.Debug|Any CPU.Build.0 = Debug|Any CPU
		{29BCC77E-F03D-47C1-98E2-B91B1BB55C1D}.Release|Any CPU.ActiveCfg = Release|Any CPU
		{29BCC77E-F03D-47C1-98E2-B91B1BB55C1D}.Release|Any CPU.Build.0 = Release|Any CPU
		{5FFBAF5C-6531-460A-AE3F-D906FD3CB275}.Debug|Any CPU.ActiveCfg = Debug|Any CPU
		{5FFBAF5C-6531-460A-AE3F-D906FD3CB275}.Debug|Any CPU.Build.0 = Debug|Any CPU
		{5FFBAF5C-6531-460A-AE3F-D906FD3CB275}.Release|Any CPU.ActiveCfg = Release|Any CPU
		{5FFBAF5C-6531-460A-AE3F-D906FD3CB275}.Release|Any CPU.Build.0 = Release|Any CPU
		{C78AF0B1-0A16-4C0F-89BF-C9D0760CB6C2}.Debug|Any CPU.ActiveCfg = Debug|Any CPU
		{C78AF0B1-0A16-4C0F-89BF-C9D0760CB6C2}.Debug|Any CPU.Build.0 = Debug|Any CPU
		{C78AF0B1-0A16-4C0F-89BF-C9D0760CB6C2}.Release|Any CPU.ActiveCfg = Release|Any CPU
		{C78AF0B1-0A16-4C0F-89BF-C9D0760CB6C2}.Release|Any CPU.Build.0 = Release|Any CPU
		{4726BBF1-3E55-455F-A006-6A1FBB5352A0}.Debug|Any CPU.ActiveCfg = Debug|Any CPU
		{4726BBF1-3E55-455F-A006-6A1FBB5352A0}.Debug|Any CPU.Build.0 = Debug|Any CPU
		{4726BBF1-3E55-455F-A006-6A1FBB5352A0}.Release|Any CPU.ActiveCfg = Release|Any CPU
		{4726BBF1-3E55-455F-A006-6A1FBB5352A0}.Release|Any CPU.Build.0 = Release|Any CPU
		{CFC85A99-F651-4316-ABD5-7195639366F0}.Debug|Any CPU.ActiveCfg = Debug|Any CPU
		{CFC85A99-F651-4316-ABD5-7195639366F0}.Debug|Any CPU.Build.0 = Debug|Any CPU
		{CFC85A99-F651-4316-ABD5-7195639366F0}.Release|Any CPU.ActiveCfg = Release|Any CPU
		{CFC85A99-F651-4316-ABD5-7195639366F0}.Release|Any CPU.Build.0 = Release|Any CPU
		{7F0F21FC-D647-474A-B18F-255F5B0F77CA}.Debug|Any CPU.ActiveCfg = Debug|Any CPU
		{7F0F21FC-D647-474A-B18F-255F5B0F77CA}.Debug|Any CPU.Build.0 = Debug|Any CPU
		{7F0F21FC-D647-474A-B18F-255F5B0F77CA}.Release|Any CPU.ActiveCfg = Release|Any CPU
		{7F0F21FC-D647-474A-B18F-255F5B0F77CA}.Release|Any CPU.Build.0 = Release|Any CPU
		{823C136B-4365-4F54-816E-E3BD13D26B4F}.Debug|Any CPU.ActiveCfg = Debug|Any CPU
		{823C136B-4365-4F54-816E-E3BD13D26B4F}.Debug|Any CPU.Build.0 = Debug|Any CPU
		{823C136B-4365-4F54-816E-E3BD13D26B4F}.Release|Any CPU.ActiveCfg = Release|Any CPU
		{823C136B-4365-4F54-816E-E3BD13D26B4F}.Release|Any CPU.Build.0 = Release|Any CPU
		{F5598E9A-F90F-4B7F-867B-2A4463E55CD5}.Debug|Any CPU.ActiveCfg = Debug|Any CPU
		{F5598E9A-F90F-4B7F-867B-2A4463E55CD5}.Debug|Any CPU.Build.0 = Debug|Any CPU
		{F5598E9A-F90F-4B7F-867B-2A4463E55CD5}.Release|Any CPU.ActiveCfg = Release|Any CPU
		{F5598E9A-F90F-4B7F-867B-2A4463E55CD5}.Release|Any CPU.Build.0 = Release|Any CPU
		{4587C5D6-A8BB-435E-A7A8-488013CFA919}.Debug|Any CPU.ActiveCfg = Debug|Any CPU
		{4587C5D6-A8BB-435E-A7A8-488013CFA919}.Debug|Any CPU.Build.0 = Debug|Any CPU
		{4587C5D6-A8BB-435E-A7A8-488013CFA919}.Release|Any CPU.ActiveCfg = Release|Any CPU
		{4587C5D6-A8BB-435E-A7A8-488013CFA919}.Release|Any CPU.Build.0 = Release|Any CPU
		{569770C8-50C0-4306-AF07-9DFCB06BC69F}.Debug|Any CPU.ActiveCfg = Debug|Any CPU
		{569770C8-50C0-4306-AF07-9DFCB06BC69F}.Debug|Any CPU.Build.0 = Debug|Any CPU
		{569770C8-50C0-4306-AF07-9DFCB06BC69F}.Release|Any CPU.ActiveCfg = Release|Any CPU
		{569770C8-50C0-4306-AF07-9DFCB06BC69F}.Release|Any CPU.Build.0 = Release|Any CPU
		{626F8CAC-C346-4C88-A128-F5D995FA9EA3}.Debug|Any CPU.ActiveCfg = Debug|Any CPU
		{626F8CAC-C346-4C88-A128-F5D995FA9EA3}.Debug|Any CPU.Build.0 = Debug|Any CPU
		{626F8CAC-C346-4C88-A128-F5D995FA9EA3}.Release|Any CPU.ActiveCfg = Release|Any CPU
		{626F8CAC-C346-4C88-A128-F5D995FA9EA3}.Release|Any CPU.Build.0 = Release|Any CPU
		{B0B80C5B-0BC1-4212-BF50-66D518323EB3}.Debug|Any CPU.ActiveCfg = Debug|Any CPU
		{B0B80C5B-0BC1-4212-BF50-66D518323EB3}.Debug|Any CPU.Build.0 = Debug|Any CPU
		{B0B80C5B-0BC1-4212-BF50-66D518323EB3}.Release|Any CPU.ActiveCfg = Release|Any CPU
		{B0B80C5B-0BC1-4212-BF50-66D518323EB3}.Release|Any CPU.Build.0 = Release|Any CPU
		{51AB9226-303B-4E2B-BF63-33484FFBAD8D}.Debug|Any CPU.ActiveCfg = Debug|Any CPU
		{51AB9226-303B-4E2B-BF63-33484FFBAD8D}.Debug|Any CPU.Build.0 = Debug|Any CPU
		{51AB9226-303B-4E2B-BF63-33484FFBAD8D}.Release|Any CPU.ActiveCfg = Release|Any CPU
		{51AB9226-303B-4E2B-BF63-33484FFBAD8D}.Release|Any CPU.Build.0 = Release|Any CPU
		{B6A9DCFF-16D0-4F26-8A51-7147F3E0F822}.Debug|Any CPU.ActiveCfg = Debug|Any CPU
		{B6A9DCFF-16D0-4F26-8A51-7147F3E0F822}.Debug|Any CPU.Build.0 = Debug|Any CPU
		{B6A9DCFF-16D0-4F26-8A51-7147F3E0F822}.Release|Any CPU.ActiveCfg = Release|Any CPU
		{B6A9DCFF-16D0-4F26-8A51-7147F3E0F822}.Release|Any CPU.Build.0 = Release|Any CPU
		{91AF45F9-D306-4217-9541-936FF42D3D83}.Debug|Any CPU.ActiveCfg = Debug|Any CPU
		{91AF45F9-D306-4217-9541-936FF42D3D83}.Debug|Any CPU.Build.0 = Debug|Any CPU
		{91AF45F9-D306-4217-9541-936FF42D3D83}.Release|Any CPU.ActiveCfg = Release|Any CPU
		{91AF45F9-D306-4217-9541-936FF42D3D83}.Release|Any CPU.Build.0 = Release|Any CPU
		{BACDF92E-3690-4A1B-92AC-9FFFA14DA3B2}.Debug|Any CPU.ActiveCfg = Debug|Any CPU
		{BACDF92E-3690-4A1B-92AC-9FFFA14DA3B2}.Debug|Any CPU.Build.0 = Debug|Any CPU
		{BACDF92E-3690-4A1B-92AC-9FFFA14DA3B2}.Release|Any CPU.ActiveCfg = Release|Any CPU
		{BACDF92E-3690-4A1B-92AC-9FFFA14DA3B2}.Release|Any CPU.Build.0 = Release|Any CPU
		{ACD1371A-2199-4F3B-9656-B6214E644F67}.Debug|Any CPU.ActiveCfg = Debug|Any CPU
		{ACD1371A-2199-4F3B-9656-B6214E644F67}.Debug|Any CPU.Build.0 = Debug|Any CPU
		{ACD1371A-2199-4F3B-9656-B6214E644F67}.Release|Any CPU.ActiveCfg = Release|Any CPU
		{ACD1371A-2199-4F3B-9656-B6214E644F67}.Release|Any CPU.Build.0 = Release|Any CPU
		{B8ABD115-72DF-4CB8-9DA4-01665A9C0C64}.Debug|Any CPU.ActiveCfg = Debug|Any CPU
		{B8ABD115-72DF-4CB8-9DA4-01665A9C0C64}.Debug|Any CPU.Build.0 = Debug|Any CPU
		{B8ABD115-72DF-4CB8-9DA4-01665A9C0C64}.Release|Any CPU.ActiveCfg = Release|Any CPU
		{B8ABD115-72DF-4CB8-9DA4-01665A9C0C64}.Release|Any CPU.Build.0 = Release|Any CPU
		{C9DF2AB2-10EF-4299-8061-1C7D3E98EF7B}.Debug|Any CPU.ActiveCfg = Debug|Any CPU
		{C9DF2AB2-10EF-4299-8061-1C7D3E98EF7B}.Debug|Any CPU.Build.0 = Debug|Any CPU
		{C9DF2AB2-10EF-4299-8061-1C7D3E98EF7B}.Release|Any CPU.ActiveCfg = Release|Any CPU
		{C9DF2AB2-10EF-4299-8061-1C7D3E98EF7B}.Release|Any CPU.Build.0 = Release|Any CPU
		{DD281607-963E-4C13-A676-18B3242B672C}.Debug|Any CPU.ActiveCfg = Debug|Any CPU
		{DD281607-963E-4C13-A676-18B3242B672C}.Debug|Any CPU.Build.0 = Debug|Any CPU
		{DD281607-963E-4C13-A676-18B3242B672C}.Release|Any CPU.ActiveCfg = Release|Any CPU
		{DD281607-963E-4C13-A676-18B3242B672C}.Release|Any CPU.Build.0 = Release|Any CPU
		{506F723D-2FDA-44B9-9F98-4C8ABC63ECF7}.Debug|Any CPU.ActiveCfg = Debug|Any CPU
		{506F723D-2FDA-44B9-9F98-4C8ABC63ECF7}.Debug|Any CPU.Build.0 = Debug|Any CPU
		{506F723D-2FDA-44B9-9F98-4C8ABC63ECF7}.Release|Any CPU.ActiveCfg = Release|Any CPU
		{506F723D-2FDA-44B9-9F98-4C8ABC63ECF7}.Release|Any CPU.Build.0 = Release|Any CPU
		{705A316F-FA95-48EA-9FAA-892954817A4F}.Debug|Any CPU.ActiveCfg = Debug|Any CPU
		{705A316F-FA95-48EA-9FAA-892954817A4F}.Debug|Any CPU.Build.0 = Debug|Any CPU
		{705A316F-FA95-48EA-9FAA-892954817A4F}.Release|Any CPU.ActiveCfg = Release|Any CPU
		{705A316F-FA95-48EA-9FAA-892954817A4F}.Release|Any CPU.Build.0 = Release|Any CPU
		{622E7465-B5BC-41EC-BB0D-3BDB13AE37CD}.Debug|Any CPU.ActiveCfg = Debug|Any CPU
		{622E7465-B5BC-41EC-BB0D-3BDB13AE37CD}.Debug|Any CPU.Build.0 = Debug|Any CPU
		{622E7465-B5BC-41EC-BB0D-3BDB13AE37CD}.Release|Any CPU.ActiveCfg = Release|Any CPU
		{622E7465-B5BC-41EC-BB0D-3BDB13AE37CD}.Release|Any CPU.Build.0 = Release|Any CPU
	EndGlobalSection
	GlobalSection(NestedProjects) = preSolution
		{BB14811D-2A6D-4BEB-BFC1-A9393D0A315A} = {270C3315-7409-4A37-A4DB-D0BC85ED370D}
		{6F2EA56F-591D-4F5E-8CD3-6A0350E1CE4D} = {270C3315-7409-4A37-A4DB-D0BC85ED370D}
		{5E260A5B-6B3D-41D8-B9FE-B30076AA62E8} = {270C3315-7409-4A37-A4DB-D0BC85ED370D}
		{54C3A92C-C98B-4302-9597-CCA5A435D148} = {270C3315-7409-4A37-A4DB-D0BC85ED370D}
		{E5C77033-52F9-4DF7-97F8-9E8CAD42E96D} = {C02BF692-F3A4-4240-9D3F-F7F3AD3FBE7C}
		{E1393AD4-F775-495C-886C-F48EF40C204B} = {C02BF692-F3A4-4240-9D3F-F7F3AD3FBE7C}
		{A1BC15A7-7AFC-4700-8ABC-4B034EF07E53} = {C02BF692-F3A4-4240-9D3F-F7F3AD3FBE7C}
		{D7F065C4-65D6-4590-86A6-929D011E0A67} = {C02BF692-F3A4-4240-9D3F-F7F3AD3FBE7C}
		{D98AE47D-8CC6-4307-A5C6-B252F1E53303} = {50020787-C41F-4194-A540-C10FF743D8F4}
		{953576EA-B0CF-40D1-8357-C3F37364CC80} = {50020787-C41F-4194-A540-C10FF743D8F4}
		{B3F98796-648E-4459-B59A-A0CC4FCD23C6} = {50020787-C41F-4194-A540-C10FF743D8F4}
		{21875DC7-98FF-4C12-BF22-3F6F5B5F6206} = {0EB0E593-0F4A-4A7B-9FB2-292FB0FF85E2}
		{B74D3878-39D2-4E47-A7CD-9640CBCB41AA} = {0EB0E593-0F4A-4A7B-9FB2-292FB0FF85E2}
		{637383A2-0C52-4258-A5D6-B3A3C139E438} = {0EB0E593-0F4A-4A7B-9FB2-292FB0FF85E2}
		{C352FABA-CCB6-41C4-B3A6-95B78B9F6579} = {4EF1E151-C538-4B1F-8AB1-B0B316D11F2D}
		{29BCC77E-F03D-47C1-98E2-B91B1BB55C1D} = {4EF1E151-C538-4B1F-8AB1-B0B316D11F2D}
		{5FFBAF5C-6531-460A-AE3F-D906FD3CB275} = {4EF1E151-C538-4B1F-8AB1-B0B316D11F2D}
		{C78AF0B1-0A16-4C0F-89BF-C9D0760CB6C2} = {183EC64B-3268-4B5A-9FBD-4614821FE60B}
		{4726BBF1-3E55-455F-A006-6A1FBB5352A0} = {183EC64B-3268-4B5A-9FBD-4614821FE60B}
		{CFC85A99-F651-4316-ABD5-7195639366F0} = {183EC64B-3268-4B5A-9FBD-4614821FE60B}
		{7F0F21FC-D647-474A-B18F-255F5B0F77CA} = {A0D52EB1-67A9-41FE-B735-0C86FF2B5900}
		{823C136B-4365-4F54-816E-E3BD13D26B4F} = {A0D52EB1-67A9-41FE-B735-0C86FF2B5900}
		{F5598E9A-F90F-4B7F-867B-2A4463E55CD5} = {A0D52EB1-67A9-41FE-B735-0C86FF2B5900}
		{4587C5D6-A8BB-435E-A7A8-488013CFA919} = {AE6CCD86-2936-48BE-93CC-B7808443F832}
		{569770C8-50C0-4306-AF07-9DFCB06BC69F} = {3AF90B10-3B4F-4606-B95E-BDF87BFD0425}
		{626F8CAC-C346-4C88-A128-F5D995FA9EA3} = {3AF90B10-3B4F-4606-B95E-BDF87BFD0425}
		{B0B80C5B-0BC1-4212-BF50-66D518323EB3} = {3AF90B10-3B4F-4606-B95E-BDF87BFD0425}
		{51AB9226-303B-4E2B-BF63-33484FFBAD8D} = {B415639A-F4BD-4F07-88D9-25C258C59B99}
		{B6A9DCFF-16D0-4F26-8A51-7147F3E0F822} = {B415639A-F4BD-4F07-88D9-25C258C59B99}
		{91AF45F9-D306-4217-9541-936FF42D3D83} = {24AD2254-F948-47E9-8BFF-85F85C39F5EB}
		{BACDF92E-3690-4A1B-92AC-9FFFA14DA3B2} = {24AD2254-F948-47E9-8BFF-85F85C39F5EB}
		{ACD1371A-2199-4F3B-9656-B6214E644F67} = {24AD2254-F948-47E9-8BFF-85F85C39F5EB}
		{B8ABD115-72DF-4CB8-9DA4-01665A9C0C64} = {24AD2254-F948-47E9-8BFF-85F85C39F5EB}
		{C9DF2AB2-10EF-4299-8061-1C7D3E98EF7B} = {F0F2758B-C6AA-404E-9E61-2496BC7F78F0}
		{DD281607-963E-4C13-A676-18B3242B672C} = {F0F2758B-C6AA-404E-9E61-2496BC7F78F0}
		{506F723D-2FDA-44B9-9F98-4C8ABC63ECF7} = {F0F2758B-C6AA-404E-9E61-2496BC7F78F0}
		{705A316F-FA95-48EA-9FAA-892954817A4F} = {F0F2758B-C6AA-404E-9E61-2496BC7F78F0}
		{622E7465-B5BC-41EC-BB0D-3BDB13AE37CD} = {63E91494-543F-47B2-82F5-72A8D4A64221}
	EndGlobalSection
EndGlobal
