
Microsoft Visual Studio Solution File, Format Version 12.00
Project("{FAE04EC0-301F-11D3-BF4B-00C04F79EFBC}") = "TH.AdventOfCode.2018.Day1", "src\TH.AdventOfCode.2018.Day1\TH.AdventOfCode.2018.Day1.csproj", "{BB14811D-2A6D-4BEB-BFC1-A9393D0A315A}"
EndProject
Project("{FAE04EC0-301F-11D3-BF4B-00C04F79EFBC}") = "TH.AdventOfCode.2018.Day1.Test", "src\TH.AdventOfCode.2018.Day1.Test\TH.AdventOfCode.2018.Day1.Test.csproj", "{54C3A92C-C98B-4302-9597-CCA5A435D148}"
EndProject
Project("{FAE04EC0-301F-11D3-BF4B-00C04F79EFBC}") = "TH.AdventOfCode.2018.Day1.Part1", "src\TH.AdventOfCode.2018.Day1.Part1\TH.AdventOfCode.2018.Day1.Part1.csproj", "{6F2EA56F-591D-4F5E-8CD3-6A0350E1CE4D}"
EndProject
Project("{FAE04EC0-301F-11D3-BF4B-00C04F79EFBC}") = "TH.AdventOfCode.2018.Day1.Part2", "src\TH.AdventOfCode.2018.Day1.Part2\TH.AdventOfCode.2018.Day1.Part2.csproj", "{5E260A5B-6B3D-41D8-B9FE-B30076AA62E8}"
EndProject
Project("{2150E333-8FDC-42A3-9474-1A3956D46DE8}") = "Day1", "Day1", "{270C3315-7409-4A37-A4DB-D0BC85ED370D}"
EndProject
Project("{2150E333-8FDC-42A3-9474-1A3956D46DE8}") = "Day2", "Day2", "{C02BF692-F3A4-4240-9D3F-F7F3AD3FBE7C}"
EndProject
Project("{FAE04EC0-301F-11D3-BF4B-00C04F79EFBC}") = "TH.AdventOfCode.2018.Day2.Part1", "src\TH.AdventOfCode.2018.Day2.Part1\TH.AdventOfCode.2018.Day2.Part1.csproj", "{E5C77033-52F9-4DF7-97F8-9E8CAD42E96D}"
EndProject
Project("{FAE04EC0-301F-11D3-BF4B-00C04F79EFBC}") = "TH.AdventOfCode.2018.Day2.Part1.Test", "src\TH.AdventOfCode.2018.Day2.Part1.Test\TH.AdventOfCode.2018.Day2.Part1.Test.csproj", "{E1393AD4-F775-495C-886C-F48EF40C204B}"
EndProject
Project("{FAE04EC0-301F-11D3-BF4B-00C04F79EFBC}") = "TH.AdventOfCode.2018.Day2.Part2", "src\TH.AdventOfCode.2018.Day2.Part2\TH.AdventOfCode.2018.Day2.Part2.csproj", "{A1BC15A7-7AFC-4700-8ABC-4B034EF07E53}"
EndProject
Project("{FAE04EC0-301F-11D3-BF4B-00C04F79EFBC}") = "TH.AdventOfCode.2018.Day2.Part2.Test", "src\TH.AdventOfCode.2018.Day2.Part2.Test\TH.AdventOfCode.2018.Day2.Part2.Test.csproj", "{D7F065C4-65D6-4590-86A6-929D011E0A67}"
EndProject
Project("{2150E333-8FDC-42A3-9474-1A3956D46DE8}") = "Day3", "Day3", "{50020787-C41F-4194-A540-C10FF743D8F4}"
EndProject
Project("{FAE04EC0-301F-11D3-BF4B-00C04F79EFBC}") = "TH.AdventOfCode.2018.Day3.Part1", "src\TH.AdventOfCode.2018.Day3.Part1\TH.AdventOfCode.2018.Day3.Part1.csproj", "{D98AE47D-8CC6-4307-A5C6-B252F1E53303}"
EndProject
Project("{FAE04EC0-301F-11D3-BF4B-00C04F79EFBC}") = "TH.AdventOfCode.2018.Day3.Part1.Test", "src\TH.AdventOfCode.2018.Day3.Part1.Test\TH.AdventOfCode.2018.Day3.Part1.Test.csproj", "{953576EA-B0CF-40D1-8357-C3F37364CC80}"
EndProject
Project("{FAE04EC0-301F-11D3-BF4B-00C04F79EFBC}") = "TH.AdventOfCode.2018.Day3.Part2", "src\TH.AdventOfCode.2018.Day3.Part2\TH.AdventOfCode.2018.Day3.Part2.csproj", "{B3F98796-648E-4459-B59A-A0CC4FCD23C6}"
EndProject
Project("{2150E333-8FDC-42A3-9474-1A3956D46DE8}") = "Day4", "Day4", "{0EB0E593-0F4A-4A7B-9FB2-292FB0FF85E2}"
EndProject
Project("{FAE04EC0-301F-11D3-BF4B-00C04F79EFBC}") = "TH.AdventOfCode.2018.Day4.Part1", "src\TH.AdventOfCode.2018.Day4.Part1\TH.AdventOfCode.2018.Day4.Part1.csproj", "{21875DC7-98FF-4C12-BF22-3F6F5B5F6206}"
EndProject
Project("{FAE04EC0-301F-11D3-BF4B-00C04F79EFBC}") = "TH.AdventOfCode.2018.Day4.Part1.Test", "src\TH.AdventOfCode.2018.Day4.Part1.Test\TH.AdventOfCode.2018.Day4.Part1.Test.csproj", "{B74D3878-39D2-4E47-A7CD-9640CBCB41AA}"
EndProject
Project("{FAE04EC0-301F-11D3-BF4B-00C04F79EFBC}") = "TH.AdventOfCode.2018.Day4.Part2", "src\TH.AdventOfCode.2018.Day4.Part2\TH.AdventOfCode.2018.Day4.Part2.csproj", "{637383A2-0C52-4258-A5D6-B3A3C139E438}"
EndProject
Project("{2150E333-8FDC-42A3-9474-1A3956D46DE8}") = "Day5", "Day5", "{4EF1E151-C538-4B1F-8AB1-B0B316D11F2D}"
EndProject
Project("{FAE04EC0-301F-11D3-BF4B-00C04F79EFBC}") = "TH.AdventOfCode.2018.Day5.Part1", "src\TH.AdventOfCode.2018.Day5.Part1\TH.AdventOfCode.2018.Day5.Part1.csproj", "{C352FABA-CCB6-41C4-B3A6-95B78B9F6579}"
EndProject
Project("{FAE04EC0-301F-11D3-BF4B-00C04F79EFBC}") = "TH.AdventOfCode.2018.Day5.Part1.Test", "TH.AdventOfCode.2018.Day5.Part1.Test\TH.AdventOfCode.2018.Day5.Part1.Test.csproj", "{29BCC77E-F03D-47C1-98E2-B91B1BB55C1D}"
EndProject
Project("{FAE04EC0-301F-11D3-BF4B-00C04F79EFBC}") = "TH.AdventOfCode.2018.Day5.Part2", "src\TH.AdventOfCode.2018.Day5.Part2\TH.AdventOfCode.2018.Day5.Part2.csproj", "{5FFBAF5C-6531-460A-AE3F-D906FD3CB275}"
EndProject
Project("{2150E333-8FDC-42A3-9474-1A3956D46DE8}") = "Day6", "Day6", "{183EC64B-3268-4B5A-9FBD-4614821FE60B}"
EndProject
Project("{FAE04EC0-301F-11D3-BF4B-00C04F79EFBC}") = "TH.AdventOfCode.2018.Day6.Part1", "TH.AdventOfCode.2018.Day6.Part1\TH.AdventOfCode.2018.Day6.Part1.csproj", "{C78AF0B1-0A16-4C0F-89BF-C9D0760CB6C2}"
EndProject
Project("{FAE04EC0-301F-11D3-BF4B-00C04F79EFBC}") = "TH.AdventOfCode.2018.Day6.Part1.Test", "TH.AdventOfCode.2018.Day6.Part1.Test\TH.AdventOfCode.2018.Day6.Part1.Test.csproj", "{4726BBF1-3E55-455F-A006-6A1FBB5352A0}"
EndProject
Global
	GlobalSection(SolutionConfigurationPlatforms) = preSolution
		Debug|Any CPU = Debug|Any CPU
		Release|Any CPU = Release|Any CPU
	EndGlobalSection
	GlobalSection(ProjectConfigurationPlatforms) = postSolution
		{BB14811D-2A6D-4BEB-BFC1-A9393D0A315A}.Debug|Any CPU.ActiveCfg = Debug|Any CPU
		{BB14811D-2A6D-4BEB-BFC1-A9393D0A315A}.Debug|Any CPU.Build.0 = Debug|Any CPU
		{BB14811D-2A6D-4BEB-BFC1-A9393D0A315A}.Release|Any CPU.ActiveCfg = Release|Any CPU
		{BB14811D-2A6D-4BEB-BFC1-A9393D0A315A}.Release|Any CPU.Build.0 = Release|Any CPU
		{54C3A92C-C98B-4302-9597-CCA5A435D148}.Debug|Any CPU.ActiveCfg = Debug|Any CPU
		{54C3A92C-C98B-4302-9597-CCA5A435D148}.Debug|Any CPU.Build.0 = Debug|Any CPU
		{54C3A92C-C98B-4302-9597-CCA5A435D148}.Release|Any CPU.ActiveCfg = Release|Any CPU
		{54C3A92C-C98B-4302-9597-CCA5A435D148}.Release|Any CPU.Build.0 = Release|Any CPU
		{6F2EA56F-591D-4F5E-8CD3-6A0350E1CE4D}.Debug|Any CPU.ActiveCfg = Debug|Any CPU
		{6F2EA56F-591D-4F5E-8CD3-6A0350E1CE4D}.Debug|Any CPU.Build.0 = Debug|Any CPU
		{6F2EA56F-591D-4F5E-8CD3-6A0350E1CE4D}.Release|Any CPU.ActiveCfg = Release|Any CPU
		{6F2EA56F-591D-4F5E-8CD3-6A0350E1CE4D}.Release|Any CPU.Build.0 = Release|Any CPU
		{5E260A5B-6B3D-41D8-B9FE-B30076AA62E8}.Debug|Any CPU.ActiveCfg = Debug|Any CPU
		{5E260A5B-6B3D-41D8-B9FE-B30076AA62E8}.Debug|Any CPU.Build.0 = Debug|Any CPU
		{5E260A5B-6B3D-41D8-B9FE-B30076AA62E8}.Release|Any CPU.ActiveCfg = Release|Any CPU
		{5E260A5B-6B3D-41D8-B9FE-B30076AA62E8}.Release|Any CPU.Build.0 = Release|Any CPU
		{E5C77033-52F9-4DF7-97F8-9E8CAD42E96D}.Debug|Any CPU.ActiveCfg = Debug|Any CPU
		{E5C77033-52F9-4DF7-97F8-9E8CAD42E96D}.Debug|Any CPU.Build.0 = Debug|Any CPU
		{E5C77033-52F9-4DF7-97F8-9E8CAD42E96D}.Release|Any CPU.ActiveCfg = Release|Any CPU
		{E5C77033-52F9-4DF7-97F8-9E8CAD42E96D}.Release|Any CPU.Build.0 = Release|Any CPU
		{E1393AD4-F775-495C-886C-F48EF40C204B}.Debug|Any CPU.ActiveCfg = Debug|Any CPU
		{E1393AD4-F775-495C-886C-F48EF40C204B}.Debug|Any CPU.Build.0 = Debug|Any CPU
		{E1393AD4-F775-495C-886C-F48EF40C204B}.Release|Any CPU.ActiveCfg = Release|Any CPU
		{E1393AD4-F775-495C-886C-F48EF40C204B}.Release|Any CPU.Build.0 = Release|Any CPU
		{A1BC15A7-7AFC-4700-8ABC-4B034EF07E53}.Debug|Any CPU.ActiveCfg = Debug|Any CPU
		{A1BC15A7-7AFC-4700-8ABC-4B034EF07E53}.Debug|Any CPU.Build.0 = Debug|Any CPU
		{A1BC15A7-7AFC-4700-8ABC-4B034EF07E53}.Release|Any CPU.ActiveCfg = Release|Any CPU
		{A1BC15A7-7AFC-4700-8ABC-4B034EF07E53}.Release|Any CPU.Build.0 = Release|Any CPU
		{D7F065C4-65D6-4590-86A6-929D011E0A67}.Debug|Any CPU.ActiveCfg = Debug|Any CPU
		{D7F065C4-65D6-4590-86A6-929D011E0A67}.Debug|Any CPU.Build.0 = Debug|Any CPU
		{D7F065C4-65D6-4590-86A6-929D011E0A67}.Release|Any CPU.ActiveCfg = Release|Any CPU
		{D7F065C4-65D6-4590-86A6-929D011E0A67}.Release|Any CPU.Build.0 = Release|Any CPU
		{D98AE47D-8CC6-4307-A5C6-B252F1E53303}.Debug|Any CPU.ActiveCfg = Debug|Any CPU
		{D98AE47D-8CC6-4307-A5C6-B252F1E53303}.Debug|Any CPU.Build.0 = Debug|Any CPU
		{D98AE47D-8CC6-4307-A5C6-B252F1E53303}.Release|Any CPU.ActiveCfg = Release|Any CPU
		{D98AE47D-8CC6-4307-A5C6-B252F1E53303}.Release|Any CPU.Build.0 = Release|Any CPU
		{953576EA-B0CF-40D1-8357-C3F37364CC80}.Debug|Any CPU.ActiveCfg = Debug|Any CPU
		{953576EA-B0CF-40D1-8357-C3F37364CC80}.Debug|Any CPU.Build.0 = Debug|Any CPU
		{953576EA-B0CF-40D1-8357-C3F37364CC80}.Release|Any CPU.ActiveCfg = Release|Any CPU
		{953576EA-B0CF-40D1-8357-C3F37364CC80}.Release|Any CPU.Build.0 = Release|Any CPU
		{B3F98796-648E-4459-B59A-A0CC4FCD23C6}.Debug|Any CPU.ActiveCfg = Debug|Any CPU
		{B3F98796-648E-4459-B59A-A0CC4FCD23C6}.Debug|Any CPU.Build.0 = Debug|Any CPU
		{B3F98796-648E-4459-B59A-A0CC4FCD23C6}.Release|Any CPU.ActiveCfg = Release|Any CPU
		{B3F98796-648E-4459-B59A-A0CC4FCD23C6}.Release|Any CPU.Build.0 = Release|Any CPU
		{21875DC7-98FF-4C12-BF22-3F6F5B5F6206}.Debug|Any CPU.ActiveCfg = Debug|Any CPU
		{21875DC7-98FF-4C12-BF22-3F6F5B5F6206}.Debug|Any CPU.Build.0 = Debug|Any CPU
		{21875DC7-98FF-4C12-BF22-3F6F5B5F6206}.Release|Any CPU.ActiveCfg = Release|Any CPU
		{21875DC7-98FF-4C12-BF22-3F6F5B5F6206}.Release|Any CPU.Build.0 = Release|Any CPU
		{B74D3878-39D2-4E47-A7CD-9640CBCB41AA}.Debug|Any CPU.ActiveCfg = Debug|Any CPU
		{B74D3878-39D2-4E47-A7CD-9640CBCB41AA}.Debug|Any CPU.Build.0 = Debug|Any CPU
		{B74D3878-39D2-4E47-A7CD-9640CBCB41AA}.Release|Any CPU.ActiveCfg = Release|Any CPU
		{B74D3878-39D2-4E47-A7CD-9640CBCB41AA}.Release|Any CPU.Build.0 = Release|Any CPU
		{637383A2-0C52-4258-A5D6-B3A3C139E438}.Debug|Any CPU.ActiveCfg = Debug|Any CPU
		{637383A2-0C52-4258-A5D6-B3A3C139E438}.Debug|Any CPU.Build.0 = Debug|Any CPU
		{637383A2-0C52-4258-A5D6-B3A3C139E438}.Release|Any CPU.ActiveCfg = Release|Any CPU
		{637383A2-0C52-4258-A5D6-B3A3C139E438}.Release|Any CPU.Build.0 = Release|Any CPU
		{C352FABA-CCB6-41C4-B3A6-95B78B9F6579}.Debug|Any CPU.ActiveCfg = Debug|Any CPU
		{C352FABA-CCB6-41C4-B3A6-95B78B9F6579}.Debug|Any CPU.Build.0 = Debug|Any CPU
		{C352FABA-CCB6-41C4-B3A6-95B78B9F6579}.Release|Any CPU.ActiveCfg = Release|Any CPU
		{C352FABA-CCB6-41C4-B3A6-95B78B9F6579}.Release|Any CPU.Build.0 = Release|Any CPU
		{29BCC77E-F03D-47C1-98E2-B91B1BB55C1D}.Debug|Any CPU.ActiveCfg = Debug|Any CPU
		{29BCC77E-F03D-47C1-98E2-B91B1BB55C1D}.Debug|Any CPU.Build.0 = Debug|Any CPU
		{29BCC77E-F03D-47C1-98E2-B91B1BB55C1D}.Release|Any CPU.ActiveCfg = Release|Any CPU
		{29BCC77E-F03D-47C1-98E2-B91B1BB55C1D}.Release|Any CPU.Build.0 = Release|Any CPU
		{5FFBAF5C-6531-460A-AE3F-D906FD3CB275}.Debug|Any CPU.ActiveCfg = Debug|Any CPU
		{5FFBAF5C-6531-460A-AE3F-D906FD3CB275}.Debug|Any CPU.Build.0 = Debug|Any CPU
		{5FFBAF5C-6531-460A-AE3F-D906FD3CB275}.Release|Any CPU.ActiveCfg = Release|Any CPU
		{5FFBAF5C-6531-460A-AE3F-D906FD3CB275}.Release|Any CPU.Build.0 = Release|Any CPU
		{C78AF0B1-0A16-4C0F-89BF-C9D0760CB6C2}.Debug|Any CPU.ActiveCfg = Debug|Any CPU
		{C78AF0B1-0A16-4C0F-89BF-C9D0760CB6C2}.Debug|Any CPU.Build.0 = Debug|Any CPU
		{C78AF0B1-0A16-4C0F-89BF-C9D0760CB6C2}.Release|Any CPU.ActiveCfg = Release|Any CPU
		{C78AF0B1-0A16-4C0F-89BF-C9D0760CB6C2}.Release|Any CPU.Build.0 = Release|Any CPU
		{4726BBF1-3E55-455F-A006-6A1FBB5352A0}.Debug|Any CPU.ActiveCfg = Debug|Any CPU
		{4726BBF1-3E55-455F-A006-6A1FBB5352A0}.Debug|Any CPU.Build.0 = Debug|Any CPU
		{4726BBF1-3E55-455F-A006-6A1FBB5352A0}.Release|Any CPU.ActiveCfg = Release|Any CPU
		{4726BBF1-3E55-455F-A006-6A1FBB5352A0}.Release|Any CPU.Build.0 = Release|Any CPU
	EndGlobalSection
	GlobalSection(NestedProjects) = preSolution
		{BB14811D-2A6D-4BEB-BFC1-A9393D0A315A} = {270C3315-7409-4A37-A4DB-D0BC85ED370D}
		{6F2EA56F-591D-4F5E-8CD3-6A0350E1CE4D} = {270C3315-7409-4A37-A4DB-D0BC85ED370D}
		{5E260A5B-6B3D-41D8-B9FE-B30076AA62E8} = {270C3315-7409-4A37-A4DB-D0BC85ED370D}
		{54C3A92C-C98B-4302-9597-CCA5A435D148} = {270C3315-7409-4A37-A4DB-D0BC85ED370D}
		{E5C77033-52F9-4DF7-97F8-9E8CAD42E96D} = {C02BF692-F3A4-4240-9D3F-F7F3AD3FBE7C}
		{E1393AD4-F775-495C-886C-F48EF40C204B} = {C02BF692-F3A4-4240-9D3F-F7F3AD3FBE7C}
		{A1BC15A7-7AFC-4700-8ABC-4B034EF07E53} = {C02BF692-F3A4-4240-9D3F-F7F3AD3FBE7C}
		{D7F065C4-65D6-4590-86A6-929D011E0A67} = {C02BF692-F3A4-4240-9D3F-F7F3AD3FBE7C}
		{D98AE47D-8CC6-4307-A5C6-B252F1E53303} = {50020787-C41F-4194-A540-C10FF743D8F4}
		{953576EA-B0CF-40D1-8357-C3F37364CC80} = {50020787-C41F-4194-A540-C10FF743D8F4}
		{B3F98796-648E-4459-B59A-A0CC4FCD23C6} = {50020787-C41F-4194-A540-C10FF743D8F4}
		{21875DC7-98FF-4C12-BF22-3F6F5B5F6206} = {0EB0E593-0F4A-4A7B-9FB2-292FB0FF85E2}
		{B74D3878-39D2-4E47-A7CD-9640CBCB41AA} = {0EB0E593-0F4A-4A7B-9FB2-292FB0FF85E2}
		{637383A2-0C52-4258-A5D6-B3A3C139E438} = {0EB0E593-0F4A-4A7B-9FB2-292FB0FF85E2}
		{C352FABA-CCB6-41C4-B3A6-95B78B9F6579} = {4EF1E151-C538-4B1F-8AB1-B0B316D11F2D}
		{29BCC77E-F03D-47C1-98E2-B91B1BB55C1D} = {4EF1E151-C538-4B1F-8AB1-B0B316D11F2D}
		{5FFBAF5C-6531-460A-AE3F-D906FD3CB275} = {4EF1E151-C538-4B1F-8AB1-B0B316D11F2D}
		{C78AF0B1-0A16-4C0F-89BF-C9D0760CB6C2} = {183EC64B-3268-4B5A-9FBD-4614821FE60B}
		{4726BBF1-3E55-455F-A006-6A1FBB5352A0} = {183EC64B-3268-4B5A-9FBD-4614821FE60B}
	EndGlobalSection
EndGlobal
